
Microsoft Visual Studio Solution File, Format Version 12.00
# Visual Studio Version 16
VisualStudioVersion = 25.0.1700.0
MinimumVisualStudioVersion = 10.0.40219.1
Project("{FAE04EC0-301F-11D3-BF4B-00C04F79EFBC}") = "cs12_paskaita_OOP-Libraries", "cs12_paskaita_OOP-Libraries\cs12_paskaita_OOP-Libraries.csproj", "{2CBBFE30-E707-4A46-97F2-F61E8692E3D2}"
EndProject
Global
	GlobalSection(SolutionConfigurationPlatforms) = preSolution
		Debug|Any CPU = Debug|Any CPU
		Release|Any CPU = Release|Any CPU
	EndGlobalSection
	GlobalSection(ProjectConfigurationPlatforms) = postSolution
		{2CBBFE30-E707-4A46-97F2-F61E8692E3D2}.Debug|Any CPU.ActiveCfg = Debug|Any CPU
		{2CBBFE30-E707-4A46-97F2-F61E8692E3D2}.Debug|Any CPU.Build.0 = Debug|Any CPU
		{2CBBFE30-E707-4A46-97F2-F61E8692E3D2}.Release|Any CPU.ActiveCfg = Release|Any CPU
		{2CBBFE30-E707-4A46-97F2-F61E8692E3D2}.Release|Any CPU.Build.0 = Release|Any CPU
	EndGlobalSection
	GlobalSection(SolutionProperties) = preSolution
		HideSolutionNode = FALSE
	EndGlobalSection
	GlobalSection(ExtensibilityGlobals) = postSolution
		SolutionGuid = {FCAB0C15-E928-4C63-8CF2-CD2DF3B6E396}
	EndGlobalSection
EndGlobal
